
Microsoft Visual Studio Solution File, Format Version 12.00
# Visual Studio Version 17
VisualStudioVersion = 17.6.33723.286
MinimumVisualStudioVersion = 10.0.40219.1
Project("{FAE04EC0-301F-11D3-BF4B-00C04F79EFBC}") = "IdentityProject.EntityLayer", "IdentityProject.EntityLayer\IdentityProject.EntityLayer.csproj", "{104EE182-31FD-4B62-BBD0-026B627D03A0}"
EndProject
Project("{FAE04EC0-301F-11D3-BF4B-00C04F79EFBC}") = "IdentityProject.DataAccessLayer", "IdentityProject.DataAccessLayer\IdentityProject.DataAccessLayer.csproj", "{C2863359-DD49-4606-926C-4F832DC3DA9C}"
EndProject
Project("{FAE04EC0-301F-11D3-BF4B-00C04F79EFBC}") = "IdentityProject.BusinessLayer", "IdentityProject.BusinessLayer\IdentityProject.BusinessLayer.csproj", "{E7AABF75-D962-425F-9197-2E11C8D03E37}"
EndProject
Project("{FAE04EC0-301F-11D3-BF4B-00C04F79EFBC}") = "IdentityProject.DtoLayer", "IdentityProject.DtoLayer\IdentityProject.DtoLayer.csproj", "{5C53ECBA-BED7-4FDA-86BF-0B6AE589BFEF}"
EndProject
Project("{FAE04EC0-301F-11D3-BF4B-00C04F79EFBC}") = "IdentityProject.PresentationLayer", "IdentityProject.PresentationLayer\IdentityProject.PresentationLayer.csproj", "{933670D6-E98E-48A3-A12E-2AEFE6F7F43A}"
EndProject
Global
	GlobalSection(SolutionConfigurationPlatforms) = preSolution
		Debug|Any CPU = Debug|Any CPU
		Release|Any CPU = Release|Any CPU
	EndGlobalSection
	GlobalSection(ProjectConfigurationPlatforms) = postSolution
		{104EE182-31FD-4B62-BBD0-026B627D03A0}.Debug|Any CPU.ActiveCfg = Debug|Any CPU
		{104EE182-31FD-4B62-BBD0-026B627D03A0}.Debug|Any CPU.Build.0 = Debug|Any CPU
		{104EE182-31FD-4B62-BBD0-026B627D03A0}.Release|Any CPU.ActiveCfg = Release|Any CPU
		{104EE182-31FD-4B62-BBD0-026B627D03A0}.Release|Any CPU.Build.0 = Release|Any CPU
		{C2863359-DD49-4606-926C-4F832DC3DA9C}.Debug|Any CPU.ActiveCfg = Debug|Any CPU
		{C2863359-DD49-4606-926C-4F832DC3DA9C}.Debug|Any CPU.Build.0 = Debug|Any CPU
		{C2863359-DD49-4606-926C-4F832DC3DA9C}.Release|Any CPU.ActiveCfg = Release|Any CPU
		{C2863359-DD49-4606-926C-4F832DC3DA9C}.Release|Any CPU.Build.0 = Release|Any CPU
		{E7AABF75-D962-425F-9197-2E11C8D03E37}.Debug|Any CPU.ActiveCfg = Debug|Any CPU
		{E7AABF75-D962-425F-9197-2E11C8D03E37}.Debug|Any CPU.Build.0 = Debug|Any CPU
		{E7AABF75-D962-425F-9197-2E11C8D03E37}.Release|Any CPU.ActiveCfg = Release|Any CPU
		{E7AABF75-D962-425F-9197-2E11C8D03E37}.Release|Any CPU.Build.0 = Release|Any CPU
		{5C53ECBA-BED7-4FDA-86BF-0B6AE589BFEF}.Debug|Any CPU.ActiveCfg = Debug|Any CPU
		{5C53ECBA-BED7-4FDA-86BF-0B6AE589BFEF}.Debug|Any CPU.Build.0 = Debug|Any CPU
		{5C53ECBA-BED7-4FDA-86BF-0B6AE589BFEF}.Release|Any CPU.ActiveCfg = Release|Any CPU
		{5C53ECBA-BED7-4FDA-86BF-0B6AE589BFEF}.Release|Any CPU.Build.0 = Release|Any CPU
		{933670D6-E98E-48A3-A12E-2AEFE6F7F43A}.Debug|Any CPU.ActiveCfg = Debug|Any CPU
		{933670D6-E98E-48A3-A12E-2AEFE6F7F43A}.Debug|Any CPU.Build.0 = Debug|Any CPU
		{933670D6-E98E-48A3-A12E-2AEFE6F7F43A}.Release|Any CPU.ActiveCfg = Release|Any CPU
		{933670D6-E98E-48A3-A12E-2AEFE6F7F43A}.Release|Any CPU.Build.0 = Release|Any CPU
	EndGlobalSection
	GlobalSection(SolutionProperties) = preSolution
		HideSolutionNode = FALSE
	EndGlobalSection
	GlobalSection(ExtensibilityGlobals) = postSolution
		SolutionGuid = {088C0246-032D-4D3F-8918-78E697D689B0}
	EndGlobalSection
EndGlobal
